
Microsoft Visual Studio Solution File, Format Version 12.00
# Visual Studio 15
VisualStudioVersion = 15.0.27004.2010
MinimumVisualStudioVersion = 10.0.40219.1
Project("{FAE04EC0-301F-11D3-BF4B-00C04F79EFBC}") = "WindowsFormsApp1", "WindowsFormsApp1\WindowsFormsApp1.csproj", "{0D210F80-80FD-4A1E-99A8-73D537CC4570}"
EndProject
Global
	GlobalSection(SolutionConfigurationPlatforms) = preSolution
		Debug|Any CPU = Debug|Any CPU
		Release|Any CPU = Release|Any CPU
	EndGlobalSection
	GlobalSection(ProjectConfigurationPlatforms) = postSolution
		{0D210F80-80FD-4A1E-99A8-73D537CC4570}.Debug|Any CPU.ActiveCfg = Debug|Any CPU
		{0D210F80-80FD-4A1E-99A8-73D537CC4570}.Debug|Any CPU.Build.0 = Debug|Any CPU
		{0D210F80-80FD-4A1E-99A8-73D537CC4570}.Release|Any CPU.ActiveCfg = Release|Any CPU
		{0D210F80-80FD-4A1E-99A8-73D537CC4570}.Release|Any CPU.Build.0 = Release|Any CPU
	EndGlobalSection
	GlobalSection(SolutionProperties) = preSolution
		HideSolutionNode = FALSE
	EndGlobalSection
	GlobalSection(ExtensibilityGlobals) = postSolution
		SolutionGuid = {79060320-58BE-4263-B30F-6F0F23518901}
	EndGlobalSection
EndGlobal
